
Microsoft Visual Studio Solution File, Format Version 12.00
# Visual Studio Version 16
VisualStudioVersion = 16.0.31729.503
MinimumVisualStudioVersion = 10.0.40219.1
Project("{9A19103F-16F7-4668-BE54-9A1E7A4F7556}") = "WebAPI", "WebAPI\WebAPI.csproj", "{0416E535-ECA0-4881-BE63-20CFD68B2CB0}"
EndProject
Project("{FAE04EC0-301F-11D3-BF4B-00C04F79EFBC}") = "Assigment1.5", "Assigment1.5\Assigment1.5.csproj", "{BC39B81F-3EFA-4C37-B0FE-76CB22A7EFFC}"
EndProject
Global
	GlobalSection(SolutionConfigurationPlatforms) = preSolution
		Debug|Any CPU = Debug|Any CPU
		Release|Any CPU = Release|Any CPU
	EndGlobalSection
	GlobalSection(ProjectConfigurationPlatforms) = postSolution
		{0416E535-ECA0-4881-BE63-20CFD68B2CB0}.Debug|Any CPU.ActiveCfg = Debug|Any CPU
		{0416E535-ECA0-4881-BE63-20CFD68B2CB0}.Debug|Any CPU.Build.0 = Debug|Any CPU
		{0416E535-ECA0-4881-BE63-20CFD68B2CB0}.Release|Any CPU.ActiveCfg = Release|Any CPU
		{0416E535-ECA0-4881-BE63-20CFD68B2CB0}.Release|Any CPU.Build.0 = Release|Any CPU
		{BC39B81F-3EFA-4C37-B0FE-76CB22A7EFFC}.Debug|Any CPU.ActiveCfg = Debug|Any CPU
		{BC39B81F-3EFA-4C37-B0FE-76CB22A7EFFC}.Debug|Any CPU.Build.0 = Debug|Any CPU
		{BC39B81F-3EFA-4C37-B0FE-76CB22A7EFFC}.Release|Any CPU.ActiveCfg = Release|Any CPU
		{BC39B81F-3EFA-4C37-B0FE-76CB22A7EFFC}.Release|Any CPU.Build.0 = Release|Any CPU
	EndGlobalSection
	GlobalSection(SolutionProperties) = preSolution
		HideSolutionNode = FALSE
	EndGlobalSection
	GlobalSection(ExtensibilityGlobals) = postSolution
		SolutionGuid = {F116732D-1A19-4EB8-BEAF-DD605970DFBC}
	EndGlobalSection
EndGlobal
